
Microsoft Visual Studio Solution File, Format Version 12.00
Project("{FAE04EC0-301F-11D3-BF4B-00C04F79EFBC}") = "backendapi", "backendapi\backendapi.csproj", "{5830596A-43CD-4275-94EE-D9227548F15C}"
EndProject
Global
	GlobalSection(SolutionConfigurationPlatforms) = preSolution
		Debug|Any CPU = Debug|Any CPU
		Release|Any CPU = Release|Any CPU
	EndGlobalSection
	GlobalSection(ProjectConfigurationPlatforms) = postSolution
		{5830596A-43CD-4275-94EE-D9227548F15C}.Debug|Any CPU.ActiveCfg = Debug|Any CPU
		{5830596A-43CD-4275-94EE-D9227548F15C}.Debug|Any CPU.Build.0 = Debug|Any CPU
		{5830596A-43CD-4275-94EE-D9227548F15C}.Release|Any CPU.ActiveCfg = Release|Any CPU
		{5830596A-43CD-4275-94EE-D9227548F15C}.Release|Any CPU.Build.0 = Release|Any CPU
	EndGlobalSection
EndGlobal
